// !$*UTF8*$!
{
	archiveVersion = 1;
	classes = {
	};
	objectVersion = 46;
	objects = {

/* Begin PBXBuildFile section */
		13CB77781D1478870016FB4B /* AppDelegate.swift in Sources */ = {isa = PBXBuildFile; fileRef = 13CB77771D1478870016FB4B /* AppDelegate.swift */; };
		13CB777A1D1478870016FB4B /* ViewController.swift in Sources */ = {isa = PBXBuildFile; fileRef = 13CB77791D1478870016FB4B /* ViewController.swift */; };
		13CB777D1D1478870016FB4B /* Main.storyboard in Resources */ = {isa = PBXBuildFile; fileRef = 13CB777B1D1478870016FB4B /* Main.storyboard */; };
		13CB777F1D1478870016FB4B /* Assets.xcassets in Resources */ = {isa = PBXBuildFile; fileRef = 13CB777E1D1478870016FB4B /* Assets.xcassets */; };
		13CB77821D1478870016FB4B /* LaunchScreen.storyboard in Resources */ = {isa = PBXBuildFile; fileRef = 13CB77801D1478870016FB4B /* LaunchScreen.storyboard */; };
		13CB778A1D17848F0016FB4B /* Character.swift in Sources */ = {isa = PBXBuildFile; fileRef = 13CB77891D17848F0016FB4B /* Character.swift */; };
		13CB77901D1784AC0016FB4B /* Grunt.swift in Sources */ = {isa = PBXBuildFile; fileRef = 13CB778F1D1784AC0016FB4B /* Grunt.swift */; };
		13CB77921D1784B20016FB4B /* Spartan.swift in Sources */ = {isa = PBXBuildFile; fileRef = 13CB77911D1784B20016FB4B /* Spartan.swift */; };
		13CB77941D178DD60016FB4B /* Game.swift in Sources */ = {isa = PBXBuildFile; fileRef = 13CB77931D178DD60016FB4B /* Game.swift */; };
		13CB77961D178DE30016FB4B /* RaceType.swift in Sources */ = {isa = PBXBuildFile; fileRef = 13CB77951D178DE30016FB4B /* RaceType.swift */; };
/* End PBXBuildFile section */

/* Begin PBXFileReference section */
		13CB77741D1478870016FB4B /* miniRPG 2.app */ = {isa = PBXFileReference; explicitFileType = wrapper.application; includeInIndex = 0; path = "miniRPG 2.app"; sourceTree = BUILT_PRODUCTS_DIR; };
		13CB77771D1478870016FB4B /* AppDelegate.swift */ = {isa = PBXFileReference; lastKnownFileType = sourcecode.swift; path = AppDelegate.swift; sourceTree = "<group>"; };
		13CB77791D1478870016FB4B /* ViewController.swift */ = {isa = PBXFileReference; lastKnownFileType = sourcecode.swift; path = ViewController.swift; sourceTree = "<group>"; };
		13CB777C1D1478870016FB4B /* Base */ = {isa = PBXFileReference; lastKnownFileType = file.storyboard; name = Base; path = Base.lproj/Main.storyboard; sourceTree = "<group>"; };
		13CB777E1D1478870016FB4B /* Assets.xcassets */ = {isa = PBXFileReference; lastKnownFileType = folder.assetcatalog; path = Assets.xcassets; sourceTree = "<group>"; };
		13CB77811D1478870016FB4B /* Base */ = {isa = PBXFileReference; lastKnownFileType = file.storyboard; name = Base; path = Base.lproj/LaunchScreen.storyboard; sourceTree = "<group>"; };
		13CB77831D1478870016FB4B /* Info.plist */ = {isa = PBXFileReference; lastKnownFileType = text.plist.xml; path = Info.plist; sourceTree = "<group>"; };
		13CB77891D17848F0016FB4B /* Character.swift */ = {isa = PBXFileReference; fileEncoding = 4; lastKnownFileType = sourcecode.swift; path = Character.swift; sourceTree = "<group>"; };
		13CB778F1D1784AC0016FB4B /* Grunt.swift */ = {isa = PBXFileReference; fileEncoding = 4; lastKnownFileType = sourcecode.swift; path = Grunt.swift; sourceTree = "<group>"; };
		13CB77911D1784B20016FB4B /* Spartan.swift */ = {isa = PBXFileReference; fileEncoding = 4; lastKnownFileType = sourcecode.swift; path = Spartan.swift; sourceTree = "<group>"; };
		13CB77931D178DD60016FB4B /* Game.swift */ = {isa = PBXFileReference; fileEncoding = 4; lastKnownFileType = sourcecode.swift; path = Game.swift; sourceTree = "<group>"; };
		13CB77951D178DE30016FB4B /* RaceType.swift */ = {isa = PBXFileReference; fileEncoding = 4; lastKnownFileType = sourcecode.swift; path = RaceType.swift; sourceTree = "<group>"; };
/* End PBXFileReference section */

/* Begin PBXFrameworksBuildPhase section */
		13CB77711D1478870016FB4B /* Frameworks */ = {
			isa = PBXFrameworksBuildPhase;
			buildActionMask = 2147483647;
			files = (
			);
			runOnlyForDeploymentPostprocessing = 0;
		};
/* End PBXFrameworksBuildPhase section */

/* Begin PBXGroup section */
		13CB776B1D1478870016FB4B = {
			isa = PBXGroup;
			children = (
				13CB77761D1478870016FB4B /* miniRPG 2 */,
				13CB77751D1478870016FB4B /* Products */,
			);
			sourceTree = "<group>";
		};
		13CB77751D1478870016FB4B /* Products */ = {
			isa = PBXGroup;
			children = (
				13CB77741D1478870016FB4B /* miniRPG 2.app */,
			);
			name = Products;
			sourceTree = "<group>";
		};
		13CB77761D1478870016FB4B /* miniRPG 2 */ = {
			isa = PBXGroup;
			children = (
				13CB77771D1478870016FB4B /* AppDelegate.swift */,
				13CB77791D1478870016FB4B /* ViewController.swift */,
				13CB777B1D1478870016FB4B /* Main.storyboard */,
				13CB777E1D1478870016FB4B /* Assets.xcassets */,
				13CB77801D1478870016FB4B /* LaunchScreen.storyboard */,
				13CB77831D1478870016FB4B /* Info.plist */,
				13CB77951D178DE30016FB4B /* RaceType.swift */,
				13CB77931D178DD60016FB4B /* Game.swift */,
				13CB77891D17848F0016FB4B /* Character.swift */,
				13CB77911D1784B20016FB4B /* Spartan.swift */,
				13CB778F1D1784AC0016FB4B /* Grunt.swift */,
			);
			path = "miniRPG 2";
			sourceTree = "<group>";
		};
/* End PBXGroup section */

/* Begin PBXNativeTarget section */
		13CB77731D1478870016FB4B /* miniRPG 2 */ = {
			isa = PBXNativeTarget;
			buildConfigurationList = 13CB77861D1478870016FB4B /* Build configuration list for PBXNativeTarget "miniRPG 2" */;
			buildPhases = (
				13CB77701D1478870016FB4B /* Sources */,
				13CB77711D1478870016FB4B /* Frameworks */,
				13CB77721D1478870016FB4B /* Resources */,
			);
			buildRules = (
			);
			dependencies = (
			);
			name = "miniRPG 2";
			productName = "miniRPG 2";
			productReference = 13CB77741D1478870016FB4B /* miniRPG 2.app */;
			productType = "com.apple.product-type.application";
		};
/* End PBXNativeTarget section */

/* Begin PBXProject section */
		13CB776C1D1478870016FB4B /* Project object */ = {
			isa = PBXProject;
			attributes = {
				LastSwiftUpdateCheck = 0800;
				LastUpgradeCheck = 0800;
				ORGANIZATIONNAME = "Jason McCoy";
				TargetAttributes = {
					13CB77731D1478870016FB4B = {
						CreatedOnToolsVersion = 8.0;
						DevelopmentTeam = DZK8EVM94K;
						DevelopmentTeamName = "Jason McCoy";
						ProvisioningStyle = Automatic;
					};
				};
			};
			buildConfigurationList = 13CB776F1D1478870016FB4B /* Build configuration list for PBXProject "miniRPG 2" */;
			compatibilityVersion = "Xcode 3.2";
			developmentRegion = English;
			hasScannedForEncodings = 0;
			knownRegions = (
				en,
				Base,
			);
			mainGroup = 13CB776B1D1478870016FB4B;
			productRefGroup = 13CB77751D1478870016FB4B /* Products */;
			projectDirPath = "";
			projectRoot = "";
			targets = (
				13CB77731D1478870016FB4B /* miniRPG 2 */,
			);
		};
/* End PBXProject section */

/* Begin PBXResourcesBuildPhase section */
		13CB77721D1478870016FB4B /* Resources */ = {
			isa = PBXResourcesBuildPhase;
			buildActionMask = 2147483647;
			files = (
				13CB77821D1478870016FB4B /* LaunchScreen.storyboard in Resources */,
				13CB777F1D1478870016FB4B /* Assets.xcassets in Resources */,
				13CB777D1D1478870016FB4B /* Main.storyboard in Resources */,
			);
			runOnlyForDeploymentPostprocessing = 0;
		};
/* End PBXResourcesBuildPhase section */

/* Begin PBXSourcesBuildPhase section */
		13CB77701D1478870016FB4B /* Sources */ = {
			isa = PBXSourcesBuildPhase;
			buildActionMask = 2147483647;
			files = (
				13CB77901D1784AC0016FB4B /* Grunt.swift in Sources */,
				13CB77941D178DD60016FB4B /* Game.swift in Sources */,
				13CB778A1D17848F0016FB4B /* Character.swift in Sources */,
				13CB77921D1784B20016FB4B /* Spartan.swift in Sources */,
				13CB777A1D1478870016FB4B /* ViewController.swift in Sources */,
				13CB77781D1478870016FB4B /* AppDelegate.swift in Sources */,
				13CB77961D178DE30016FB4B /* RaceType.swift in Sources */,
			);
			runOnlyForDeploymentPostprocessing = 0;
		};
/* End PBXSourcesBuildPhase section */

/* Begin PBXVariantGroup section */
		13CB777B1D1478870016FB4B /* Main.storyboard */ = {
			isa = PBXVariantGroup;
			children = (
				13CB777C1D1478870016FB4B /* Base */,
			);
			name = Main.storyboard;
			sourceTree = "<group>";
		};
		13CB77801D1478870016FB4B /* LaunchScreen.storyboard */ = {
			isa = PBXVariantGroup;
			children = (
				13CB77811D1478870016FB4B /* Base */,
			);
			name = LaunchScreen.storyboard;
			sourceTree = "<group>";
		};
/* End PBXVariantGroup section */

/* Begin XCBuildConfiguration section */
		13CB77841D1478870016FB4B /* Debug */ = {
			isa = XCBuildConfiguration;
			buildSettings = {
				ALWAYS_SEARCH_USER_PATHS = NO;
				CLANG_ANALYZER_NONNULL = YES;
				CLANG_CXX_LANGUAGE_STANDARD = "gnu++0x";
				CLANG_CXX_LIBRARY = "libc++";
				CLANG_ENABLE_MODULES = YES;
				CLANG_ENABLE_OBJC_ARC = YES;
				CLANG_WARN_BOOL_CONVERSION = YES;
				CLANG_WARN_CONSTANT_CONVERSION = YES;
				CLANG_WARN_DIRECT_OBJC_ISA_USAGE = YES_ERROR;
				CLANG_WARN_DOCUMENTATION_COMMENTS = YES;
				CLANG_WARN_EMPTY_BODY = YES;
				CLANG_WARN_ENUM_CONVERSION = YES;
				CLANG_WARN_INT_CONVERSION = YES;
				CLANG_WARN_OBJC_ROOT_CLASS = YES_ERROR;
				CLANG_WARN_UNREACHABLE_CODE = YES;
				CLANG_WARN__DUPLICATE_METHOD_MATCH = YES;
				"CODE_SIGN_IDENTITY[sdk=iphoneos*]" = "iPhone Developer";
				COPY_PHASE_STRIP = NO;
				DEBUG_INFORMATION_FORMAT = dwarf;
				ENABLE_STRICT_OBJC_MSGSEND = YES;
				ENABLE_TESTABILITY = YES;
				GCC_C_LANGUAGE_STANDARD = gnu99;
				GCC_DYNAMIC_NO_PIC = NO;
				GCC_NO_COMMON_BLOCKS = YES;
				GCC_OPTIMIZATION_LEVEL = 0;
				GCC_PREPROCESSOR_DEFINITIONS = (
					"DEBUG=1",
					"$(inherited)",
				);
				GCC_WARN_64_TO_32_BIT_CONVERSION = YES;
				GCC_WARN_ABOUT_RETURN_TYPE = YES_ERROR;
				GCC_WARN_UNDECLARED_SELECTOR = YES;
				GCC_WARN_UNINITIALIZED_AUTOS = YES_AGGRESSIVE;
				GCC_WARN_UNUSED_FUNCTION = YES;
				GCC_WARN_UNUSED_VARIABLE = YES;
				IPHONEOS_DEPLOYMENT_TARGET = 10.0;
				MTL_ENABLE_DEBUG_INFO = YES;
				ONLY_ACTIVE_ARCH = YES;
				SDKROOT = iphoneos;
				SWIFT_ACTIVE_COMPILATION_CONDITIONS = DEBUG;
				SWIFT_OPTIMIZATION_LEVEL = "-Onone";
				TARGETED_DEVICE_FAMILY = "1,2";
			};
			name = Debug;
		};
		13CB77851D1478870016FB4B /* Release */ = {
			isa = XCBuildConfiguration;
			buildSettings = {
				ALWAYS_SEARCH_USER_PATHS = NO;
				CLANG_ANALYZER_NONNULL = YES;
				CLANG_CXX_LANGUAGE_STANDARD = "gnu++0x";
				CLANG_CXX_LIBRARY = "libc++";
				CLANG_ENABLE_MODULES = YES;
				CLANG_ENABLE_OBJC_ARC = YES;
				CLANG_WARN_BOOL_CONVERSION = YES;
				CLANG_WARN_CONSTANT_CONVERSION = YES;
				CLANG_WARN_DIRECT_OBJC_ISA_USAGE = YES_ERROR;
				CLANG_WARN_DOCUMENTATION_COMMENTS = YES;
				CLANG_WARN_EMPTY_BODY = YES;
				CLANG_WARN_ENUM_CONVERSION = YES;
				CLANG_WARN_INT_CONVERSION = YES;
				CLANG_WARN_OBJC_ROOT_CLASS = YES_ERROR;
				CLANG_WARN_UNREACHABLE_CODE = YES;
				CLANG_WARN__DUPLICATE_METHOD_MATCH = YES;
				"CODE_SIGN_IDENTITY[sdk=iphoneos*]" = "iPhone Developer";
				COPY_PHASE_STRIP = NO;
				DEBUG_INFORMATION_FORMAT = "dwarf-with-dsym";
				ENABLE_NS_ASSERTIONS = NO;
				ENABLE_STRICT_OBJC_MSGSEND = YES;
				GCC_C_LANGUAGE_STANDARD = gnu99;
				GCC_NO_COMMON_BLOCKS = YES;
				GCC_WARN_64_TO_32_BIT_CONVERSION = YES;
				GCC_WARN_ABOUT_RETURN_TYPE = YES_ERROR;
				GCC_WARN_UNDECLARED_SELECTOR = YES;
				GCC_WARN_UNINITIALIZED_AUTOS = YES_AGGRESSIVE;
				GCC_WARN_UNUSED_FUNCTION = YES;
				GCC_WARN_UNUSED_VARIABLE = YES;
				IPHONEOS_DEPLOYMENT_TARGET = 10.0;
				MTL_ENABLE_DEBUG_INFO = NO;
				SDKROOT = iphoneos;
				SWIFT_OPTIMIZATION_LEVEL = "-Owholemodule";
				TARGETED_DEVICE_FAMILY = "1,2";
				VALIDATE_PRODUCT = YES;
			};
			name = Release;
		};
		13CB77871D1478870016FB4B /* Debug */ = {
			isa = XCBuildConfiguration;
			buildSettings = {
				ASSETCATALOG_COMPILER_APPICON_NAME = AppIcon;
				CODE_SIGN_IDENTITY = "iPhone Developer";
				"CODE_SIGN_IDENTITY[sdk=iphoneos*]" = "iPhone Developer";
				DEVELOPMENT_TEAM = DZK8EVM94K;
				INFOPLIST_FILE = "miniRPG 2/Info.plist";
				IPHONEOS_DEPLOYMENT_TARGET = 10.0;
				LD_RUNPATH_SEARCH_PATHS = "$(inherited) @executable_path/Frameworks";
				PRODUCT_BUNDLE_IDENTIFIER = com.JasonMcCoy.miniRPG2;
				PRODUCT_NAME = "$(TARGET_NAME)";
				PROVISIONING_PROFILE = "";
				PROVISIONING_PROFILE_SPECIFIER = "";
				SWIFT_VERSION = 3.0;
				TARGETED_DEVICE_FAMILY = "1,2";
			};
			name = Debug;
		};
		13CB77881D1478870016FB4B /* Release */ = {
			isa = XCBuildConfiguration;
			buildSettings = {
				ASSETCATALOG_COMPILER_APPICON_NAME = AppIcon;
				CODE_SIGN_IDENTITY = "iPhone Developer";
				"CODE_SIGN_IDENTITY[sdk=iphoneos*]" = "iPhone Developer";
				DEVELOPMENT_TEAM = DZK8EVM94K;
				INFOPLIST_FILE = "miniRPG 2/Info.plist";
				IPHONEOS_DEPLOYMENT_TARGET = 10.0;
				LD_RUNPATH_SEARCH_PATHS = "$(inherited) @executable_path/Frameworks";
				PRODUCT_BUNDLE_IDENTIFIER = com.JasonMcCoy.miniRPG2;
				PRODUCT_NAME = "$(TARGET_NAME)";
				PROVISIONING_PROFILE = "";
				PROVISIONING_PROFILE_SPECIFIER = "";
				SWIFT_VERSION = 3.0;
				TARGETED_DEVICE_FAMILY = "1,2";
			};
			name = Release;
		};
/* End XCBuildConfiguration section */

/* Begin XCConfigurationList section */
		13CB776F1D1478870016FB4B /* Build configuration list for PBXProject "miniRPG 2" */ = {
			isa = XCConfigurationList;
			buildConfigurations = (
				13CB77841D1478870016FB4B /* Debug */,
				13CB77851D1478870016FB4B /* Release */,
			);
			defaultConfigurationIsVisible = 0;
			defaultConfigurationName = Release;
		};
		13CB77861D1478870016FB4B /* Build configuration list for PBXNativeTarget "miniRPG 2" */ = {
			isa = XCConfigurationList;
			buildConfigurations = (
				13CB77871D1478870016FB4B /* Debug */,
				13CB77881D1478870016FB4B /* Release */,
			);
			defaultConfigurationIsVisible = 0;
			defaultConfigurationName = Release;
		};
/* End XCConfigurationList section */
	};
	rootObject = 13CB776C1D1478870016FB4B /* Project object */;
}
